
Microsoft Visual Studio Solution File, Format Version 12.00
# Visual Studio Version 17
VisualStudioVersion = 17.5.002.0
MinimumVisualStudioVersion = 10.0.40219.1
Project("{9A19103F-16F7-4668-BE54-9A1E7A4F7556}") = "FirstWebMVC", "FirstWebMVC\FirstWebMVC.csproj", "{483A1BC0-F2D2-4DE3-9333-274D7BCA6088}"
EndProject
Project("{9A19103F-16F7-4668-BE54-9A1E7A4F7556}") = "NewApp", "NewApp\NewApp.csproj", "{1659211E-D4B4-420B-AECE-D9A546EF114A}"
EndProject
Global
	GlobalSection(SolutionConfigurationPlatforms) = preSolution
		Debug|Any CPU = Debug|Any CPU
		Release|Any CPU = Release|Any CPU
	EndGlobalSection
	GlobalSection(ProjectConfigurationPlatforms) = postSolution
		{483A1BC0-F2D2-4DE3-9333-274D7BCA6088}.Debug|Any CPU.ActiveCfg = Debug|Any CPU
		{483A1BC0-F2D2-4DE3-9333-274D7BCA6088}.Debug|Any CPU.Build.0 = Debug|Any CPU
		{483A1BC0-F2D2-4DE3-9333-274D7BCA6088}.Release|Any CPU.ActiveCfg = Release|Any CPU
		{483A1BC0-F2D2-4DE3-9333-274D7BCA6088}.Release|Any CPU.Build.0 = Release|Any CPU
		{1659211E-D4B4-420B-AECE-D9A546EF114A}.Debug|Any CPU.ActiveCfg = Debug|Any CPU
		{1659211E-D4B4-420B-AECE-D9A546EF114A}.Debug|Any CPU.Build.0 = Debug|Any CPU
		{1659211E-D4B4-420B-AECE-D9A546EF114A}.Release|Any CPU.ActiveCfg = Release|Any CPU
		{1659211E-D4B4-420B-AECE-D9A546EF114A}.Release|Any CPU.Build.0 = Release|Any CPU
	EndGlobalSection
	GlobalSection(SolutionProperties) = preSolution
		HideSolutionNode = FALSE
	EndGlobalSection
	GlobalSection(ExtensibilityGlobals) = postSolution
		SolutionGuid = {580F4CF9-83F8-4188-921F-014789E52C08}
	EndGlobalSection
EndGlobal
